// !$*UTF8*$!
{
	archiveVersion = 1;
	classes = {
	};
	objectVersion = 50;
	objects = {

/* Begin PBXBuildFile section */
		1B468DF3252DEB8000723FD8 /* AppDelegate.swift in Sources */ = {isa = PBXBuildFile; fileRef = 1B468DF2252DEB8000723FD8 /* AppDelegate.swift */; };
		1B468DF5252DEB8000723FD8 /* SceneDelegate.swift in Sources */ = {isa = PBXBuildFile; fileRef = 1B468DF4252DEB8000723FD8 /* SceneDelegate.swift */; };
		1B468DF7252DEB8000723FD8 /* ViewController.swift in Sources */ = {isa = PBXBuildFile; fileRef = 1B468DF6252DEB8000723FD8 /* ViewController.swift */; };
		1B468DFC252DEB8200723FD8 /* Assets.xcassets in Resources */ = {isa = PBXBuildFile; fileRef = 1B468DFB252DEB8200723FD8 /* Assets.xcassets */; };
		1B468DFF252DEB8200723FD8 /* LaunchScreen.storyboard in Resources */ = {isa = PBXBuildFile; fileRef = 1B468DFD252DEB8200723FD8 /* LaunchScreen.storyboard */; };
		1B468E0E252DF99700723FD8 /* RecommendedSection.swift in Sources */ = {isa = PBXBuildFile; fileRef = 1B468E0D252DF99700723FD8 /* RecommendedSection.swift */; };
		1B468E12252DF9A500723FD8 /* MainTabBarController.swift in Sources */ = {isa = PBXBuildFile; fileRef = 1B468E11252DF9A500723FD8 /* MainTabBarController.swift */; };
		1B468E15252DF9C300723FD8 /* RecommenedCustomCell.swift in Sources */ = {isa = PBXBuildFile; fileRef = 1B468E14252DF9C300723FD8 /* RecommenedCustomCell.swift */; };
		1B468E1B252DFC3400723FD8 /* RecommendedCollectionViewController.swift in Sources */ = {isa = PBXBuildFile; fileRef = 1B468E1A252DFC3400723FD8 /* RecommendedCollectionViewController.swift */; };
		1B468E1E252DFCFB00723FD8 /* TitleSection.swift in Sources */ = {isa = PBXBuildFile; fileRef = 1B468E1D252DFCFB00723FD8 /* TitleSection.swift */; };
		1B468E21252DFD3500723FD8 /* CompositionalSection.swift in Sources */ = {isa = PBXBuildFile; fileRef = 1B468E20252DFD3500723FD8 /* CompositionalSection.swift */; };
		1BE89EA1252E625B00F36109 /* FirstSectionContentCustomCell.swift in Sources */ = {isa = PBXBuildFile; fileRef = 1BE89EA0252E625B00F36109 /* FirstSectionContentCustomCell.swift */; };
		1BE89EA8252E6F1C00F36109 /* UICollectionView+Extension.swift in Sources */ = {isa = PBXBuildFile; fileRef = 1BE89EA7252E6F1C00F36109 /* UICollectionView+Extension.swift */; };
		1BE89EAC252E6FC700F36109 /* RegisterableView.swift in Sources */ = {isa = PBXBuildFile; fileRef = 1BE89EAB252E6FC700F36109 /* RegisterableView.swift */; };
		1BE89EB5252EF54900F36109 /* MumsLunchTests.swift in Sources */ = {isa = PBXBuildFile; fileRef = 1BE89EB4252EF54900F36109 /* MumsLunchTests.swift */; };
		1BE89EC0252F81F200F36109 /* AnotherSection.swift in Sources */ = {isa = PBXBuildFile; fileRef = 1BE89EBF252F81F200F36109 /* AnotherSection.swift */; };
		1BE89EC6252F835900F36109 /* TitlesSection.swift in Sources */ = {isa = PBXBuildFile; fileRef = 1BE89EC5252F835900F36109 /* TitlesSection.swift */; };
		1BE89ECA252F854C00F36109 /* TitlesTestingCell.swift in Sources */ = {isa = PBXBuildFile; fileRef = 1BE89EC9252F854C00F36109 /* TitlesTestingCell.swift */; };
		1BE89ECE252FB00400F36109 /* TitleViewModel.swift in Sources */ = {isa = PBXBuildFile; fileRef = 1BE89ECD252FB00400F36109 /* TitleViewModel.swift */; };
		1BEB38592534F04500BEAC13 /* ProSection.swift in Sources */ = {isa = PBXBuildFile; fileRef = 1BEB38582534F04500BEAC13 /* ProSection.swift */; };
		1BEB385D2534F11000BEAC13 /* TheMainSection.swift in Sources */ = {isa = PBXBuildFile; fileRef = 1BEB385C2534F11000BEAC13 /* TheMainSection.swift */; };
		1BEB38672535A46500BEAC13 /* DataType.swift in Sources */ = {isa = PBXBuildFile; fileRef = 1BEB38662535A46500BEAC13 /* DataType.swift */; };
/* End PBXBuildFile section */

/* Begin PBXContainerItemProxy section */
		1BE89EB7252EF54900F36109 /* PBXContainerItemProxy */ = {
			isa = PBXContainerItemProxy;
			containerPortal = 1B468DE7252DEB8000723FD8 /* Project object */;
			proxyType = 1;
			remoteGlobalIDString = 1B468DEE252DEB8000723FD8;
			remoteInfo = MumsLunch;
		};
/* End PBXContainerItemProxy section */

/* Begin PBXFileReference section */
		1B468DEF252DEB8000723FD8 /* MumsLunch.app */ = {isa = PBXFileReference; explicitFileType = wrapper.application; includeInIndex = 0; path = MumsLunch.app; sourceTree = BUILT_PRODUCTS_DIR; };
		1B468DF2252DEB8000723FD8 /* AppDelegate.swift */ = {isa = PBXFileReference; lastKnownFileType = sourcecode.swift; path = AppDelegate.swift; sourceTree = "<group>"; };
		1B468DF4252DEB8000723FD8 /* SceneDelegate.swift */ = {isa = PBXFileReference; lastKnownFileType = sourcecode.swift; path = SceneDelegate.swift; sourceTree = "<group>"; };
		1B468DF6252DEB8000723FD8 /* ViewController.swift */ = {isa = PBXFileReference; lastKnownFileType = sourcecode.swift; path = ViewController.swift; sourceTree = "<group>"; };
		1B468DFB252DEB8200723FD8 /* Assets.xcassets */ = {isa = PBXFileReference; lastKnownFileType = folder.assetcatalog; path = Assets.xcassets; sourceTree = "<group>"; };
		1B468DFE252DEB8200723FD8 /* Base */ = {isa = PBXFileReference; lastKnownFileType = file.storyboard; name = Base; path = Base.lproj/LaunchScreen.storyboard; sourceTree = "<group>"; };
		1B468E00252DEB8200723FD8 /* Info.plist */ = {isa = PBXFileReference; lastKnownFileType = text.plist.xml; path = Info.plist; sourceTree = "<group>"; };
		1B468E0D252DF99700723FD8 /* RecommendedSection.swift */ = {isa = PBXFileReference; lastKnownFileType = sourcecode.swift; path = RecommendedSection.swift; sourceTree = "<group>"; };
		1B468E11252DF9A500723FD8 /* MainTabBarController.swift */ = {isa = PBXFileReference; lastKnownFileType = sourcecode.swift; path = MainTabBarController.swift; sourceTree = "<group>"; };
		1B468E14252DF9C300723FD8 /* RecommenedCustomCell.swift */ = {isa = PBXFileReference; lastKnownFileType = sourcecode.swift; path = RecommenedCustomCell.swift; sourceTree = "<group>"; };
		1B468E1A252DFC3400723FD8 /* RecommendedCollectionViewController.swift */ = {isa = PBXFileReference; lastKnownFileType = sourcecode.swift; path = RecommendedCollectionViewController.swift; sourceTree = "<group>"; };
		1B468E1D252DFCFB00723FD8 /* TitleSection.swift */ = {isa = PBXFileReference; lastKnownFileType = sourcecode.swift; path = TitleSection.swift; sourceTree = "<group>"; };
		1B468E20252DFD3500723FD8 /* CompositionalSection.swift */ = {isa = PBXFileReference; lastKnownFileType = sourcecode.swift; path = CompositionalSection.swift; sourceTree = "<group>"; };
		1BE89EA0252E625B00F36109 /* FirstSectionContentCustomCell.swift */ = {isa = PBXFileReference; lastKnownFileType = sourcecode.swift; path = FirstSectionContentCustomCell.swift; sourceTree = "<group>"; };
		1BE89EA7252E6F1C00F36109 /* UICollectionView+Extension.swift */ = {isa = PBXFileReference; fileEncoding = 4; lastKnownFileType = sourcecode.swift; path = "UICollectionView+Extension.swift"; sourceTree = "<group>"; };
		1BE89EAB252E6FC700F36109 /* RegisterableView.swift */ = {isa = PBXFileReference; fileEncoding = 4; lastKnownFileType = sourcecode.swift; path = RegisterableView.swift; sourceTree = "<group>"; };
		1BE89EB2252EF54900F36109 /* MumsLunchTests.xctest */ = {isa = PBXFileReference; explicitFileType = wrapper.cfbundle; includeInIndex = 0; path = MumsLunchTests.xctest; sourceTree = BUILT_PRODUCTS_DIR; };
		1BE89EB4252EF54900F36109 /* MumsLunchTests.swift */ = {isa = PBXFileReference; lastKnownFileType = sourcecode.swift; path = MumsLunchTests.swift; sourceTree = "<group>"; };
		1BE89EB6252EF54900F36109 /* Info.plist */ = {isa = PBXFileReference; lastKnownFileType = text.plist.xml; path = Info.plist; sourceTree = "<group>"; };
		1BE89EBF252F81F200F36109 /* AnotherSection.swift */ = {isa = PBXFileReference; lastKnownFileType = sourcecode.swift; path = AnotherSection.swift; sourceTree = "<group>"; };
		1BE89EC5252F835900F36109 /* TitlesSection.swift */ = {isa = PBXFileReference; lastKnownFileType = sourcecode.swift; path = TitlesSection.swift; sourceTree = "<group>"; };
		1BE89EC9252F854C00F36109 /* TitlesTestingCell.swift */ = {isa = PBXFileReference; lastKnownFileType = sourcecode.swift; path = TitlesTestingCell.swift; sourceTree = "<group>"; };
		1BE89ECD252FB00400F36109 /* TitleViewModel.swift */ = {isa = PBXFileReference; lastKnownFileType = sourcecode.swift; path = TitleViewModel.swift; sourceTree = "<group>"; };
		1BEB38582534F04500BEAC13 /* ProSection.swift */ = {isa = PBXFileReference; lastKnownFileType = sourcecode.swift; path = ProSection.swift; sourceTree = "<group>"; };
		1BEB385C2534F11000BEAC13 /* TheMainSection.swift */ = {isa = PBXFileReference; lastKnownFileType = sourcecode.swift; path = TheMainSection.swift; sourceTree = "<group>"; };
		1BEB38662535A46500BEAC13 /* DataType.swift */ = {isa = PBXFileReference; lastKnownFileType = sourcecode.swift; path = DataType.swift; sourceTree = "<group>"; };
/* End PBXFileReference section */

/* Begin PBXFrameworksBuildPhase section */
		1B468DEC252DEB8000723FD8 /* Frameworks */ = {
			isa = PBXFrameworksBuildPhase;
			buildActionMask = 2147483647;
			files = (
			);
			runOnlyForDeploymentPostprocessing = 0;
		};
		1BE89EAF252EF54900F36109 /* Frameworks */ = {
			isa = PBXFrameworksBuildPhase;
			buildActionMask = 2147483647;
			files = (
			);
			runOnlyForDeploymentPostprocessing = 0;
		};
/* End PBXFrameworksBuildPhase section */

/* Begin PBXGroup section */
		1B468DE6252DEB8000723FD8 = {
			isa = PBXGroup;
			children = (
				1B468DF1252DEB8000723FD8 /* MumsLunch */,
				1BE89EB3252EF54900F36109 /* MumsLunchTests */,
				1B468DF0252DEB8000723FD8 /* Products */,
			);
			sourceTree = "<group>";
		};
		1B468DF0252DEB8000723FD8 /* Products */ = {
			isa = PBXGroup;
			children = (
				1B468DEF252DEB8000723FD8 /* MumsLunch.app */,
				1BE89EB2252EF54900F36109 /* MumsLunchTests.xctest */,
			);
			name = Products;
			sourceTree = "<group>";
		};
		1B468DF1252DEB8000723FD8 /* MumsLunch */ = {
			isa = PBXGroup;
			children = (
				1BE89EBE252F811D00F36109 /* DummyFiles */,
				1B468E17252DF9D600723FD8 /* Extensions */,
				1B468E0C252DF96500723FD8 /* CompositionalSections */,
				1B468E0A252DF95600723FD8 /* Controller */,
				1B468E09252DF95100723FD8 /* View */,
				1B468DF2252DEB8000723FD8 /* AppDelegate.swift */,
				1B468DF4252DEB8000723FD8 /* SceneDelegate.swift */,
				1B468DF6252DEB8000723FD8 /* ViewController.swift */,
				1B468DFB252DEB8200723FD8 /* Assets.xcassets */,
				1B468DFD252DEB8200723FD8 /* LaunchScreen.storyboard */,
				1B468E00252DEB8200723FD8 /* Info.plist */,
				1BEB38662535A46500BEAC13 /* DataType.swift */,
			);
			path = MumsLunch;
			sourceTree = "<group>";
		};
		1B468E09252DF95100723FD8 /* View */ = {
			isa = PBXGroup;
			children = (
				1BE89EAB252E6FC700F36109 /* RegisterableView.swift */,
				1BE89EA7252E6F1C00F36109 /* UICollectionView+Extension.swift */,
				1B468E14252DF9C300723FD8 /* RecommenedCustomCell.swift */,
				1B468E20252DFD3500723FD8 /* CompositionalSection.swift */,
				1BE89EA0252E625B00F36109 /* FirstSectionContentCustomCell.swift */,
			);
			path = View;
			sourceTree = "<group>";
		};
		1B468E0A252DF95600723FD8 /* Controller */ = {
			isa = PBXGroup;
			children = (
				1B468E11252DF9A500723FD8 /* MainTabBarController.swift */,
				1B468E1A252DFC3400723FD8 /* RecommendedCollectionViewController.swift */,
			);
			path = Controller;
			sourceTree = "<group>";
		};
		1B468E0C252DF96500723FD8 /* CompositionalSections */ = {
			isa = PBXGroup;
			children = (
				1B468E0D252DF99700723FD8 /* RecommendedSection.swift */,
				1B468E1D252DFCFB00723FD8 /* TitleSection.swift */,
			);
			path = CompositionalSections;
			sourceTree = "<group>";
		};
		1B468E17252DF9D600723FD8 /* Extensions */ = {
			isa = PBXGroup;
			children = (
			);
			path = Extensions;
			sourceTree = "<group>";
		};
		1BE89EB3252EF54900F36109 /* MumsLunchTests */ = {
			isa = PBXGroup;
			children = (
				1BE89EB4252EF54900F36109 /* MumsLunchTests.swift */,
				1BE89EB6252EF54900F36109 /* Info.plist */,
			);
			path = MumsLunchTests;
			sourceTree = "<group>";
		};
		1BE89EBE252F811D00F36109 /* DummyFiles */ = {
			isa = PBXGroup;
			children = (
				1BE89EBF252F81F200F36109 /* AnotherSection.swift */,
				1BE89EC5252F835900F36109 /* TitlesSection.swift */,
				1BE89EC9252F854C00F36109 /* TitlesTestingCell.swift */,
				1BE89ECD252FB00400F36109 /* TitleViewModel.swift */,
				1BEB38582534F04500BEAC13 /* ProSection.swift */,
				1BEB385C2534F11000BEAC13 /* TheMainSection.swift */,
			);
			path = DummyFiles;
			sourceTree = "<group>";
		};
/* End PBXGroup section */

/* Begin PBXNativeTarget section */
		1B468DEE252DEB8000723FD8 /* MumsLunch */ = {
			isa = PBXNativeTarget;
			buildConfigurationList = 1B468E03252DEB8200723FD8 /* Build configuration list for PBXNativeTarget "MumsLunch" */;
			buildPhases = (
				1B468DEB252DEB8000723FD8 /* Sources */,
				1B468DEC252DEB8000723FD8 /* Frameworks */,
				1B468DED252DEB8000723FD8 /* Resources */,
			);
			buildRules = (
			);
			dependencies = (
			);
			name = MumsLunch;
			productName = MumsLunch;
			productReference = 1B468DEF252DEB8000723FD8 /* MumsLunch.app */;
			productType = "com.apple.product-type.application";
		};
		1BE89EB1252EF54900F36109 /* MumsLunchTests */ = {
			isa = PBXNativeTarget;
			buildConfigurationList = 1BE89EB9252EF54900F36109 /* Build configuration list for PBXNativeTarget "MumsLunchTests" */;
			buildPhases = (
				1BE89EAE252EF54900F36109 /* Sources */,
				1BE89EAF252EF54900F36109 /* Frameworks */,
				1BE89EB0252EF54900F36109 /* Resources */,
			);
			buildRules = (
			);
			dependencies = (
				1BE89EB8252EF54900F36109 /* PBXTargetDependency */,
			);
			name = MumsLunchTests;
			productName = MumsLunchTests;
			productReference = 1BE89EB2252EF54900F36109 /* MumsLunchTests.xctest */;
			productType = "com.apple.product-type.bundle.unit-test";
		};
/* End PBXNativeTarget section */

/* Begin PBXProject section */
		1B468DE7252DEB8000723FD8 /* Project object */ = {
			isa = PBXProject;
			attributes = {
				LastSwiftUpdateCheck = 1200;
				LastUpgradeCheck = 1200;
				TargetAttributes = {
					1B468DEE252DEB8000723FD8 = {
						CreatedOnToolsVersion = 12.0;
					};
					1BE89EB1252EF54900F36109 = {
						CreatedOnToolsVersion = 12.0;
						TestTargetID = 1B468DEE252DEB8000723FD8;
					};
				};
			};
			buildConfigurationList = 1B468DEA252DEB8000723FD8 /* Build configuration list for PBXProject "MumsLunch" */;
			compatibilityVersion = "Xcode 9.3";
			developmentRegion = en;
			hasScannedForEncodings = 0;
			knownRegions = (
				en,
				Base,
			);
			mainGroup = 1B468DE6252DEB8000723FD8;
			productRefGroup = 1B468DF0252DEB8000723FD8 /* Products */;
			projectDirPath = "";
			projectRoot = "";
			targets = (
				1B468DEE252DEB8000723FD8 /* MumsLunch */,
				1BE89EB1252EF54900F36109 /* MumsLunchTests */,
			);
		};
/* End PBXProject section */

/* Begin PBXResourcesBuildPhase section */
		1B468DED252DEB8000723FD8 /* Resources */ = {
			isa = PBXResourcesBuildPhase;
			buildActionMask = 2147483647;
			files = (
				1B468DFF252DEB8200723FD8 /* LaunchScreen.storyboard in Resources */,
				1B468DFC252DEB8200723FD8 /* Assets.xcassets in Resources */,
			);
			runOnlyForDeploymentPostprocessing = 0;
		};
		1BE89EB0252EF54900F36109 /* Resources */ = {
			isa = PBXResourcesBuildPhase;
			buildActionMask = 2147483647;
			files = (
			);
			runOnlyForDeploymentPostprocessing = 0;
		};
/* End PBXResourcesBuildPhase section */

/* Begin PBXSourcesBuildPhase section */
		1B468DEB252DEB8000723FD8 /* Sources */ = {
			isa = PBXSourcesBuildPhase;
			buildActionMask = 2147483647;
			files = (
				1BE89EC0252F81F200F36109 /* AnotherSection.swift in Sources */,
				1B468DF7252DEB8000723FD8 /* ViewController.swift in Sources */,
				1BE89EAC252E6FC700F36109 /* RegisterableView.swift in Sources */,
				1BE89EA8252E6F1C00F36109 /* UICollectionView+Extension.swift in Sources */,
				1B468E15252DF9C300723FD8 /* RecommenedCustomCell.swift in Sources */,
				1B468DF3252DEB8000723FD8 /* AppDelegate.swift in Sources */,
				1B468E12252DF9A500723FD8 /* MainTabBarController.swift in Sources */,
				1BEB38672535A46500BEAC13 /* DataType.swift in Sources */,
				1BE89ECA252F854C00F36109 /* TitlesTestingCell.swift in Sources */,
				1B468E1E252DFCFB00723FD8 /* TitleSection.swift in Sources */,
				1BE89EC6252F835900F36109 /* TitlesSection.swift in Sources */,
				1BEB385D2534F11000BEAC13 /* TheMainSection.swift in Sources */,
				1B468DF5252DEB8000723FD8 /* SceneDelegate.swift in Sources */,
				1BEB38592534F04500BEAC13 /* ProSection.swift in Sources */,
				1B468E0E252DF99700723FD8 /* RecommendedSection.swift in Sources */,
				1BE89EA1252E625B00F36109 /* FirstSectionContentCustomCell.swift in Sources */,
				1BE89ECE252FB00400F36109 /* TitleViewModel.swift in Sources */,
				1B468E1B252DFC3400723FD8 /* RecommendedCollectionViewController.swift in Sources */,
				1B468E21252DFD3500723FD8 /* CompositionalSection.swift in Sources */,
			);
			runOnlyForDeploymentPostprocessing = 0;
		};
		1BE89EAE252EF54900F36109 /* Sources */ = {
			isa = PBXSourcesBuildPhase;
			buildActionMask = 2147483647;
			files = (
				1BE89EB5252EF54900F36109 /* MumsLunchTests.swift in Sources */,
			);
			runOnlyForDeploymentPostprocessing = 0;
		};
/* End PBXSourcesBuildPhase section */

/* Begin PBXTargetDependency section */
		1BE89EB8252EF54900F36109 /* PBXTargetDependency */ = {
			isa = PBXTargetDependency;
			target = 1B468DEE252DEB8000723FD8 /* MumsLunch */;
			targetProxy = 1BE89EB7252EF54900F36109 /* PBXContainerItemProxy */;
		};
/* End PBXTargetDependency section */

/* Begin PBXVariantGroup section */
		1B468DFD252DEB8200723FD8 /* LaunchScreen.storyboard */ = {
			isa = PBXVariantGroup;
			children = (
				1B468DFE252DEB8200723FD8 /* Base */,
			);
			name = LaunchScreen.storyboard;
			sourceTree = "<group>";
		};
/* End PBXVariantGroup section */

/* Begin XCBuildConfiguration section */
		1B468E01252DEB8200723FD8 /* Debug */ = {
			isa = XCBuildConfiguration;
			buildSettings = {
				ALWAYS_SEARCH_USER_PATHS = NO;
				CLANG_ANALYZER_NONNULL = YES;
				CLANG_ANALYZER_NUMBER_OBJECT_CONVERSION = YES_AGGRESSIVE;
				CLANG_CXX_LANGUAGE_STANDARD = "gnu++14";
				CLANG_CXX_LIBRARY = "libc++";
				CLANG_ENABLE_MODULES = YES;
				CLANG_ENABLE_OBJC_ARC = YES;
				CLANG_ENABLE_OBJC_WEAK = YES;
				CLANG_WARN_BLOCK_CAPTURE_AUTORELEASING = YES;
				CLANG_WARN_BOOL_CONVERSION = YES;
				CLANG_WARN_COMMA = YES;
				CLANG_WARN_CONSTANT_CONVERSION = YES;
				CLANG_WARN_DEPRECATED_OBJC_IMPLEMENTATIONS = YES;
				CLANG_WARN_DIRECT_OBJC_ISA_USAGE = YES_ERROR;
				CLANG_WARN_DOCUMENTATION_COMMENTS = YES;
				CLANG_WARN_EMPTY_BODY = YES;
				CLANG_WARN_ENUM_CONVERSION = YES;
				CLANG_WARN_INFINITE_RECURSION = YES;
				CLANG_WARN_INT_CONVERSION = YES;
				CLANG_WARN_NON_LITERAL_NULL_CONVERSION = YES;
				CLANG_WARN_OBJC_IMPLICIT_RETAIN_SELF = YES;
				CLANG_WARN_OBJC_LITERAL_CONVERSION = YES;
				CLANG_WARN_OBJC_ROOT_CLASS = YES_ERROR;
				CLANG_WARN_QUOTED_INCLUDE_IN_FRAMEWORK_HEADER = YES;
				CLANG_WARN_RANGE_LOOP_ANALYSIS = YES;
				CLANG_WARN_STRICT_PROTOTYPES = YES;
				CLANG_WARN_SUSPICIOUS_MOVE = YES;
				CLANG_WARN_UNGUARDED_AVAILABILITY = YES_AGGRESSIVE;
				CLANG_WARN_UNREACHABLE_CODE = YES;
				CLANG_WARN__DUPLICATE_METHOD_MATCH = YES;
				COPY_PHASE_STRIP = NO;
				DEBUG_INFORMATION_FORMAT = dwarf;
				ENABLE_STRICT_OBJC_MSGSEND = YES;
				ENABLE_TESTABILITY = YES;
				GCC_C_LANGUAGE_STANDARD = gnu11;
				GCC_DYNAMIC_NO_PIC = NO;
				GCC_NO_COMMON_BLOCKS = YES;
				GCC_OPTIMIZATION_LEVEL = 0;
				GCC_PREPROCESSOR_DEFINITIONS = (
					"DEBUG=1",
					"$(inherited)",
				);
				GCC_WARN_64_TO_32_BIT_CONVERSION = YES;
				GCC_WARN_ABOUT_RETURN_TYPE = YES_ERROR;
				GCC_WARN_UNDECLARED_SELECTOR = YES;
				GCC_WARN_UNINITIALIZED_AUTOS = YES_AGGRESSIVE;
				GCC_WARN_UNUSED_FUNCTION = YES;
				GCC_WARN_UNUSED_VARIABLE = YES;
				IPHONEOS_DEPLOYMENT_TARGET = 14.0;
				MTL_ENABLE_DEBUG_INFO = INCLUDE_SOURCE;
				MTL_FAST_MATH = YES;
				ONLY_ACTIVE_ARCH = YES;
				SDKROOT = iphoneos;
				SWIFT_ACTIVE_COMPILATION_CONDITIONS = DEBUG;
				SWIFT_OPTIMIZATION_LEVEL = "-Onone";
			};
			name = Debug;
		};
		1B468E02252DEB8200723FD8 /* Release */ = {
			isa = XCBuildConfiguration;
			buildSettings = {
				ALWAYS_SEARCH_USER_PATHS = NO;
				CLANG_ANALYZER_NONNULL = YES;
				CLANG_ANALYZER_NUMBER_OBJECT_CONVERSION = YES_AGGRESSIVE;
				CLANG_CXX_LANGUAGE_STANDARD = "gnu++14";
				CLANG_CXX_LIBRARY = "libc++";
				CLANG_ENABLE_MODULES = YES;
				CLANG_ENABLE_OBJC_ARC = YES;
				CLANG_ENABLE_OBJC_WEAK = YES;
				CLANG_WARN_BLOCK_CAPTURE_AUTORELEASING = YES;
				CLANG_WARN_BOOL_CONVERSION = YES;
				CLANG_WARN_COMMA = YES;
				CLANG_WARN_CONSTANT_CONVERSION = YES;
				CLANG_WARN_DEPRECATED_OBJC_IMPLEMENTATIONS = YES;
				CLANG_WARN_DIRECT_OBJC_ISA_USAGE = YES_ERROR;
				CLANG_WARN_DOCUMENTATION_COMMENTS = YES;
				CLANG_WARN_EMPTY_BODY = YES;
				CLANG_WARN_ENUM_CONVERSION = YES;
				CLANG_WARN_INFINITE_RECURSION = YES;
				CLANG_WARN_INT_CONVERSION = YES;
				CLANG_WARN_NON_LITERAL_NULL_CONVERSION = YES;
				CLANG_WARN_OBJC_IMPLICIT_RETAIN_SELF = YES;
				CLANG_WARN_OBJC_LITERAL_CONVERSION = YES;
				CLANG_WARN_OBJC_ROOT_CLASS = YES_ERROR;
				CLANG_WARN_QUOTED_INCLUDE_IN_FRAMEWORK_HEADER = YES;
				CLANG_WARN_RANGE_LOOP_ANALYSIS = YES;
				CLANG_WARN_STRICT_PROTOTYPES = YES;
				CLANG_WARN_SUSPICIOUS_MOVE = YES;
				CLANG_WARN_UNGUARDED_AVAILABILITY = YES_AGGRESSIVE;
				CLANG_WARN_UNREACHABLE_CODE = YES;
				CLANG_WARN__DUPLICATE_METHOD_MATCH = YES;
				COPY_PHASE_STRIP = NO;
				DEBUG_INFORMATION_FORMAT = "dwarf-with-dsym";
				ENABLE_NS_ASSERTIONS = NO;
				ENABLE_STRICT_OBJC_MSGSEND = YES;
				GCC_C_LANGUAGE_STANDARD = gnu11;
				GCC_NO_COMMON_BLOCKS = YES;
				GCC_WARN_64_TO_32_BIT_CONVERSION = YES;
				GCC_WARN_ABOUT_RETURN_TYPE = YES_ERROR;
				GCC_WARN_UNDECLARED_SELECTOR = YES;
				GCC_WARN_UNINITIALIZED_AUTOS = YES_AGGRESSIVE;
				GCC_WARN_UNUSED_FUNCTION = YES;
				GCC_WARN_UNUSED_VARIABLE = YES;
				IPHONEOS_DEPLOYMENT_TARGET = 14.0;
				MTL_ENABLE_DEBUG_INFO = NO;
				MTL_FAST_MATH = YES;
				SDKROOT = iphoneos;
				SWIFT_COMPILATION_MODE = wholemodule;
				SWIFT_OPTIMIZATION_LEVEL = "-O";
				VALIDATE_PRODUCT = YES;
			};
			name = Release;
		};
		1B468E04252DEB8200723FD8 /* Debug */ = {
			isa = XCBuildConfiguration;
			buildSettings = {
				ASSETCATALOG_COMPILER_APPICON_NAME = AppIcon;
				ASSETCATALOG_COMPILER_GLOBAL_ACCENT_COLOR_NAME = AccentColor;
				CODE_SIGN_STYLE = Automatic;
				DEVELOPMENT_TEAM = UMQAGMF379;
				INFOPLIST_FILE = MumsLunch/Info.plist;
				LD_RUNPATH_SEARCH_PATHS = (
					"$(inherited)",
					"@executable_path/Frameworks",
				);
				PRODUCT_BUNDLE_IDENTIFIER = "Richard-Price.MumsLunch";
				PRODUCT_NAME = "$(TARGET_NAME)";
				SWIFT_VERSION = 5.0;
				TARGETED_DEVICE_FAMILY = "1,2";
			};
			name = Debug;
		};
		1B468E05252DEB8200723FD8 /* Release */ = {
			isa = XCBuildConfiguration;
			buildSettings = {
				ASSETCATALOG_COMPILER_APPICON_NAME = AppIcon;
				ASSETCATALOG_COMPILER_GLOBAL_ACCENT_COLOR_NAME = AccentColor;
				CODE_SIGN_STYLE = Automatic;
				DEVELOPMENT_TEAM = UMQAGMF379;
				INFOPLIST_FILE = MumsLunch/Info.plist;
				LD_RUNPATH_SEARCH_PATHS = (
					"$(inherited)",
					"@executable_path/Frameworks",
				);
				PRODUCT_BUNDLE_IDENTIFIER = "Richard-Price.MumsLunch";
				PRODUCT_NAME = "$(TARGET_NAME)";
				SWIFT_VERSION = 5.0;
				TARGETED_DEVICE_FAMILY = "1,2";
			};
			name = Release;
		};
		1BE89EBA252EF54900F36109 /* Debug */ = {
			isa = XCBuildConfiguration;
			buildSettings = {
				BUNDLE_LOADER = "$(TEST_HOST)";
				CODE_SIGN_STYLE = Automatic;
				DEVELOPMENT_TEAM = UMQAGMF379;
				INFOPLIST_FILE = MumsLunchTests/Info.plist;
				LD_RUNPATH_SEARCH_PATHS = (
					"$(inherited)",
					"@executable_path/Frameworks",
					"@loader_path/Frameworks",
				);
				PRODUCT_BUNDLE_IDENTIFIER = "Richard-Price.MumsLunchTests";
				PRODUCT_NAME = "$(TARGET_NAME)";
				SWIFT_VERSION = 5.0;
				TARGETED_DEVICE_FAMILY = "1,2";
				TEST_HOST = "$(BUILT_PRODUCTS_DIR)/MumsLunch.app/MumsLunch";
			};
			name = Debug;
		};
		1BE89EBB252EF54900F36109 /* Release */ = {
			isa = XCBuildConfiguration;
			buildSettings = {
				BUNDLE_LOADER = "$(TEST_HOST)";
				CODE_SIGN_STYLE = Automatic;
				DEVELOPMENT_TEAM = UMQAGMF379;
				INFOPLIST_FILE = MumsLunchTests/Info.plist;
				LD_RUNPATH_SEARCH_PATHS = (
					"$(inherited)",
					"@executable_path/Frameworks",
					"@loader_path/Frameworks",
				);
				PRODUCT_BUNDLE_IDENTIFIER = "Richard-Price.MumsLunchTests";
				PRODUCT_NAME = "$(TARGET_NAME)";
				SWIFT_VERSION = 5.0;
				TARGETED_DEVICE_FAMILY = "1,2";
				TEST_HOST = "$(BUILT_PRODUCTS_DIR)/MumsLunch.app/MumsLunch";
			};
			name = Release;
		};
/* End XCBuildConfiguration section */

/* Begin XCConfigurationList section */
		1B468DEA252DEB8000723FD8 /* Build configuration list for PBXProject "MumsLunch" */ = {
			isa = XCConfigurationList;
			buildConfigurations = (
				1B468E01252DEB8200723FD8 /* Debug */,
				1B468E02252DEB8200723FD8 /* Release */,
			);
			defaultConfigurationIsVisible = 0;
			defaultConfigurationName = Release;
		};
		1B468E03252DEB8200723FD8 /* Build configuration list for PBXNativeTarget "MumsLunch" */ = {
			isa = XCConfigurationList;
			buildConfigurations = (
				1B468E04252DEB8200723FD8 /* Debug */,
				1B468E05252DEB8200723FD8 /* Release */,
			);
			defaultConfigurationIsVisible = 0;
			defaultConfigurationName = Release;
		};
		1BE89EB9252EF54900F36109 /* Build configuration list for PBXNativeTarget "MumsLunchTests" */ = {
			isa = XCConfigurationList;
			buildConfigurations = (
				1BE89EBA252EF54900F36109 /* Debug */,
				1BE89EBB252EF54900F36109 /* Release */,
			);
			defaultConfigurationIsVisible = 0;
			defaultConfigurationName = Release;
		};
/* End XCConfigurationList section */
	};
	rootObject = 1B468DE7252DEB8000723FD8 /* Project object */;
}
